
Microsoft Visual Studio Solution File, Format Version 12.00
# Visual Studio Version 16
VisualStudioVersion = 16.0.33214.272
MinimumVisualStudioVersion = 10.0.40219.1
Project("{9A19103F-16F7-4668-BE54-9A1E7A4F7556}") = "WorkerServiceBasedRabbitMQ", "WorkerServiceBasedRabbitMQ\WorkerServiceBasedRabbitMQ.csproj", "{4600367D-BCFC-47A1-BB9D-DC448EF74BDD}"
EndProject
Project("{9A19103F-16F7-4668-BE54-9A1E7A4F7556}") = "WorkerServiceBasedRabbitMQ.Infrastructure", "WorkerServiceBasedRabbitMQ.Infrastructure\WorkerServiceBasedRabbitMQ.Infrastructure.csproj", "{130E8AE9-8A40-49CC-8195-FDDAD3767CF8}"
EndProject
Project("{9A19103F-16F7-4668-BE54-9A1E7A4F7556}") = "WorkerServiceBasedRabbitMQ.Core", "WorkerServiceBasedRabbitMQ.Core\WorkerServiceBasedRabbitMQ.Core.csproj", "{ABE8C6F9-9A6F-4A83-8CF6-9E512A265E1D}"
EndProject
Global
	GlobalSection(SolutionConfigurationPlatforms) = preSolution
		Debug|Any CPU = Debug|Any CPU
		Release|Any CPU = Release|Any CPU
	EndGlobalSection
	GlobalSection(ProjectConfigurationPlatforms) = postSolution
		{4600367D-BCFC-47A1-BB9D-DC448EF74BDD}.Debug|Any CPU.ActiveCfg = Debug|Any CPU
		{4600367D-BCFC-47A1-BB9D-DC448EF74BDD}.Debug|Any CPU.Build.0 = Debug|Any CPU
		{4600367D-BCFC-47A1-BB9D-DC448EF74BDD}.Release|Any CPU.ActiveCfg = Release|Any CPU
		{4600367D-BCFC-47A1-BB9D-DC448EF74BDD}.Release|Any CPU.Build.0 = Release|Any CPU
		{130E8AE9-8A40-49CC-8195-FDDAD3767CF8}.Debug|Any CPU.ActiveCfg = Debug|Any CPU
		{130E8AE9-8A40-49CC-8195-FDDAD3767CF8}.Debug|Any CPU.Build.0 = Debug|Any CPU
		{130E8AE9-8A40-49CC-8195-FDDAD3767CF8}.Release|Any CPU.ActiveCfg = Release|Any CPU
		{130E8AE9-8A40-49CC-8195-FDDAD3767CF8}.Release|Any CPU.Build.0 = Release|Any CPU
		{ABE8C6F9-9A6F-4A83-8CF6-9E512A265E1D}.Debug|Any CPU.ActiveCfg = Debug|Any CPU
		{ABE8C6F9-9A6F-4A83-8CF6-9E512A265E1D}.Debug|Any CPU.Build.0 = Debug|Any CPU
		{ABE8C6F9-9A6F-4A83-8CF6-9E512A265E1D}.Release|Any CPU.ActiveCfg = Release|Any CPU
		{ABE8C6F9-9A6F-4A83-8CF6-9E512A265E1D}.Release|Any CPU.Build.0 = Release|Any CPU
	EndGlobalSection
	GlobalSection(SolutionProperties) = preSolution
		HideSolutionNode = FALSE
	EndGlobalSection
	GlobalSection(ExtensibilityGlobals) = postSolution
		SolutionGuid = {44C003DF-9F77-4D74-B995-67A9C9F252AF}
	EndGlobalSection
EndGlobal
